
Microsoft Visual Studio Solution File, Format Version 12.00
# Visual Studio Version 16
VisualStudioVersion = 16.0.30907.101
MinimumVisualStudioVersion = 10.0.40219.1
Project("{FAE04EC0-301F-11D3-BF4B-00C04F79EFBC}") = "Browning_Cal_50_Calculator", "Browning_Cal_50_Calculator\Browning_Cal_50_Calculator.csproj", "{10452832-93D0-4242-8AAB-E1D9B40B4CAE}"
EndProject
Global
	GlobalSection(SolutionConfigurationPlatforms) = preSolution
		Debug|Any CPU = Debug|Any CPU
		Release|Any CPU = Release|Any CPU
	EndGlobalSection
	GlobalSection(ProjectConfigurationPlatforms) = postSolution
		{10452832-93D0-4242-8AAB-E1D9B40B4CAE}.Debug|Any CPU.ActiveCfg = Debug|Any CPU
		{10452832-93D0-4242-8AAB-E1D9B40B4CAE}.Debug|Any CPU.Build.0 = Debug|Any CPU
		{10452832-93D0-4242-8AAB-E1D9B40B4CAE}.Release|Any CPU.ActiveCfg = Release|Any CPU
		{10452832-93D0-4242-8AAB-E1D9B40B4CAE}.Release|Any CPU.Build.0 = Release|Any CPU
	EndGlobalSection
	GlobalSection(SolutionProperties) = preSolution
		HideSolutionNode = FALSE
	EndGlobalSection
	GlobalSection(ExtensibilityGlobals) = postSolution
		SolutionGuid = {65B9912A-02E3-4F0E-AAC8-28C01BBBCDE3}
	EndGlobalSection
EndGlobal
